{
  "nodes": {
    "brew-src": {
      "flake": false,
      "locked": {
        "lastModified": 1773250168,
        "narHash": "sha256-Uh1WqU3WTzbl2uNpqd0+0uZ9IYW+lOCEpAM0LjXLWm0=",
        "owner": "Homebrew",
        "repo": "brew",
        "rev": "4135badeddc3899aa2e89d3ea1caee320c55d299",
        "type": "github"
      },
      "original": {
        "owner": "Homebrew",
        "ref": "5.1.0",
        "repo": "brew",
        "type": "github"
      }
    },
    "root": {
      "inputs": {
        "brew-src": "brew-src"
      }
    }
  },
  "root": "root",
  "version": 7
}
